
Microsoft Visual Studio Solution File, Format Version 12.00
# Visual Studio Version 17
VisualStudioVersion = 17.0.31903.59
MinimumVisualStudioVersion = 10.0.40219.1
Project("{2150E333-8FDC-42A3-9474-1A3956D46DE8}") = "src", "src", "{827E0CD3-B72D-47B6-A68D-7590B98EB39B}"
EndProject
Project("{FAE04EC0-301F-11D3-BF4B-00C04F79EFBC}") = "AutoConnect.Api", "src\AutoConnect.Api\AutoConnect.Api.csproj", "{DF8581DA-EFCB-44A6-ACE8-66639965A452}"
EndProject
Project("{FAE04EC0-301F-11D3-BF4B-00C04F79EFBC}") = "AutoConnect.Core", "src\AutoConnect.Core\AutoConnect.Core.csproj", "{B0E09C63-3DA5-477D-9F93-1D0DFFEE4675}"
EndProject
Project("{FAE04EC0-301F-11D3-BF4B-00C04F79EFBC}") = "AutoConnect.Infrastructure", "src\AutoConnect.Infrastructure\AutoConnect.Infrastructure.csproj", "{CC7FA4A4-CCFD-4CF3-9555-A155F57A7523}"
EndProject
Project("{FAE04EC0-301F-11D3-BF4B-00C04F79EFBC}") = "AutoConnect.Shared", "src\AutoConnect.Shared\AutoConnect.Shared.csproj", "{95B020AB-6A74-4373-9358-2B32100C9EB3}"
EndProject
Project("{2150E333-8FDC-42A3-9474-1A3956D46DE8}") = "tests", "tests", "{0AB3BF05-4346-4AA6-1389-037BE0695223}"
EndProject
Project("{FAE04EC0-301F-11D3-BF4B-00C04F79EFBC}") = "AutoConnect.Api.Tests", "tests\AutoConnect.Api.Tests\AutoConnect.Api.Tests.csproj", "{D957DEBD-CB9F-42ED-95FF-A53F5C63399A}"
EndProject
Project("{FAE04EC0-301F-11D3-BF4B-00C04F79EFBC}") = "AutoConnect.Core.Tests", "tests\AutoConnect.Core.Tests\AutoConnect.Core.Tests.csproj", "{0D97F953-BD89-45EC-A8C1-298DA3CC0CAB}"
EndProject
Project("{FAE04EC0-301F-11D3-BF4B-00C04F79EFBC}") = "AutoConnect.Client", "src\AutoConnect.Client\AutoConnect.Client.csproj", "{CC509EEF-ECD4-490E-B3B1-7DB4548854C6}"
EndProject
Global
	GlobalSection(SolutionConfigurationPlatforms) = preSolution
		Debug|Any CPU = Debug|Any CPU
		Debug|x64 = Debug|x64
		Debug|x86 = Debug|x86
		Release|Any CPU = Release|Any CPU
		Release|x64 = Release|x64
		Release|x86 = Release|x86
	EndGlobalSection
	GlobalSection(ProjectConfigurationPlatforms) = postSolution
		{DF8581DA-EFCB-44A6-ACE8-66639965A452}.Debug|Any CPU.ActiveCfg = Debug|Any CPU
		{DF8581DA-EFCB-44A6-ACE8-66639965A452}.Debug|Any CPU.Build.0 = Debug|Any CPU
		{DF8581DA-EFCB-44A6-ACE8-66639965A452}.Debug|x64.ActiveCfg = Debug|Any CPU
		{DF8581DA-EFCB-44A6-ACE8-66639965A452}.Debug|x64.Build.0 = Debug|Any CPU
		{DF8581DA-EFCB-44A6-ACE8-66639965A452}.Debug|x86.ActiveCfg = Debug|Any CPU
		{DF8581DA-EFCB-44A6-ACE8-66639965A452}.Debug|x86.Build.0 = Debug|Any CPU
		{DF8581DA-EFCB-44A6-ACE8-66639965A452}.Release|Any CPU.ActiveCfg = Release|Any CPU
		{DF8581DA-EFCB-44A6-ACE8-66639965A452}.Release|Any CPU.Build.0 = Release|Any CPU
		{DF8581DA-EFCB-44A6-ACE8-66639965A452}.Release|x64.ActiveCfg = Release|Any CPU
		{DF8581DA-EFCB-44A6-ACE8-66639965A452}.Release|x64.Build.0 = Release|Any CPU
		{DF8581DA-EFCB-44A6-ACE8-66639965A452}.Release|x86.ActiveCfg = Release|Any CPU
		{DF8581DA-EFCB-44A6-ACE8-66639965A452}.Release|x86.Build.0 = Release|Any CPU
		{B0E09C63-3DA5-477D-9F93-1D0DFFEE4675}.Debug|Any CPU.ActiveCfg = Debug|Any CPU
		{B0E09C63-3DA5-477D-9F93-1D0DFFEE4675}.Debug|Any CPU.Build.0 = Debug|Any CPU
		{B0E09C63-3DA5-477D-9F93-1D0DFFEE4675}.Debug|x64.ActiveCfg = Debug|Any CPU
		{B0E09C63-3DA5-477D-9F93-1D0DFFEE4675}.Debug|x64.Build.0 = Debug|Any CPU
		{B0E09C63-3DA5-477D-9F93-1D0DFFEE4675}.Debug|x86.ActiveCfg = Debug|Any CPU
		{B0E09C63-3DA5-477D-9F93-1D0DFFEE4675}.Debug|x86.Build.0 = Debug|Any CPU
		{B0E09C63-3DA5-477D-9F93-1D0DFFEE4675}.Release|Any CPU.ActiveCfg = Release|Any CPU
		{B0E09C63-3DA5-477D-9F93-1D0DFFEE4675}.Release|Any CPU.Build.0 = Release|Any CPU
		{B0E09C63-3DA5-477D-9F93-1D0DFFEE4675}.Release|x64.ActiveCfg = Release|Any CPU
		{B0E09C63-3DA5-477D-9F93-1D0DFFEE4675}.Release|x64.Build.0 = Release|Any CPU
		{B0E09C63-3DA5-477D-9F93-1D0DFFEE4675}.Release|x86.ActiveCfg = Release|Any CPU
		{B0E09C63-3DA5-477D-9F93-1D0DFFEE4675}.Release|x86.Build.0 = Release|Any CPU
		{CC7FA4A4-CCFD-4CF3-9555-A155F57A7523}.Debug|Any CPU.ActiveCfg = Debug|Any CPU
		{CC7FA4A4-CCFD-4CF3-9555-A155F57A7523}.Debug|Any CPU.Build.0 = Debug|Any CPU
		{CC7FA4A4-CCFD-4CF3-9555-A155F57A7523}.Debug|x64.ActiveCfg = Debug|Any CPU
		{CC7FA4A4-CCFD-4CF3-9555-A155F57A7523}.Debug|x64.Build.0 = Debug|Any CPU
		{CC7FA4A4-CCFD-4CF3-9555-A155F57A7523}.Debug|x86.ActiveCfg = Debug|Any CPU
		{CC7FA4A4-CCFD-4CF3-9555-A155F57A7523}.Debug|x86.Build.0 = Debug|Any CPU
		{CC7FA4A4-CCFD-4CF3-9555-A155F57A7523}.Release|Any CPU.ActiveCfg = Release|Any CPU
		{CC7FA4A4-CCFD-4CF3-9555-A155F57A7523}.Release|Any CPU.Build.0 = Release|Any CPU
		{CC7FA4A4-CCFD-4CF3-9555-A155F57A7523}.Release|x64.ActiveCfg = Release|Any CPU
		{CC7FA4A4-CCFD-4CF3-9555-A155F57A7523}.Release|x64.Build.0 = Release|Any CPU
		{CC7FA4A4-CCFD-4CF3-9555-A155F57A7523}.Release|x86.ActiveCfg = Release|Any CPU
		{CC7FA4A4-CCFD-4CF3-9555-A155F57A7523}.Release|x86.Build.0 = Release|Any CPU
		{95B020AB-6A74-4373-9358-2B32100C9EB3}.Debug|Any CPU.ActiveCfg = Debug|Any CPU
		{95B020AB-6A74-4373-9358-2B32100C9EB3}.Debug|Any CPU.Build.0 = Debug|Any CPU
		{95B020AB-6A74-4373-9358-2B32100C9EB3}.Debug|x64.ActiveCfg = Debug|Any CPU
		{95B020AB-6A74-4373-9358-2B32100C9EB3}.Debug|x64.Build.0 = Debug|Any CPU
		{95B020AB-6A74-4373-9358-2B32100C9EB3}.Debug|x86.ActiveCfg = Debug|Any CPU
		{95B020AB-6A74-4373-9358-2B32100C9EB3}.Debug|x86.Build.0 = Debug|Any CPU
		{95B020AB-6A74-4373-9358-2B32100C9EB3}.Release|Any CPU.ActiveCfg = Release|Any CPU
		{95B020AB-6A74-4373-9358-2B32100C9EB3}.Release|Any CPU.Build.0 = Release|Any CPU
		{95B020AB-6A74-4373-9358-2B32100C9EB3}.Release|x64.ActiveCfg = Release|Any CPU
		{95B020AB-6A74-4373-9358-2B32100C9EB3}.Release|x64.Build.0 = Release|Any CPU
		{95B020AB-6A74-4373-9358-2B32100C9EB3}.Release|x86.ActiveCfg = Release|Any CPU
		{95B020AB-6A74-4373-9358-2B32100C9EB3}.Release|x86.Build.0 = Release|Any CPU
		{D957DEBD-CB9F-42ED-95FF-A53F5C63399A}.Debug|Any CPU.ActiveCfg = Debug|Any CPU
		{D957DEBD-CB9F-42ED-95FF-A53F5C63399A}.Debug|Any CPU.Build.0 = Debug|Any CPU
		{D957DEBD-CB9F-42ED-95FF-A53F5C63399A}.Debug|x64.ActiveCfg = Debug|Any CPU
		{D957DEBD-CB9F-42ED-95FF-A53F5C63399A}.Debug|x64.Build.0 = Debug|Any CPU
		{D957DEBD-CB9F-42ED-95FF-A53F5C63399A}.Debug|x86.ActiveCfg = Debug|Any CPU
		{D957DEBD-CB9F-42ED-95FF-A53F5C63399A}.Debug|x86.Build.0 = Debug|Any CPU
		{D957DEBD-CB9F-42ED-95FF-A53F5C63399A}.Release|Any CPU.ActiveCfg = Release|Any CPU
		{D957DEBD-CB9F-42ED-95FF-A53F5C63399A}.Release|Any CPU.Build.0 = Release|Any CPU
		{D957DEBD-CB9F-42ED-95FF-A53F5C63399A}.Release|x64.ActiveCfg = Release|Any CPU
		{D957DEBD-CB9F-42ED-95FF-A53F5C63399A}.Release|x64.Build.0 = Release|Any CPU
		{D957DEBD-CB9F-42ED-95FF-A53F5C63399A}.Release|x86.ActiveCfg = Release|Any CPU
		{D957DEBD-CB9F-42ED-95FF-A53F5C63399A}.Release|x86.Build.0 = Release|Any CPU
		{0D97F953-BD89-45EC-A8C1-298DA3CC0CAB}.Debug|Any CPU.ActiveCfg = Debug|Any CPU
		{0D97F953-BD89-45EC-A8C1-298DA3CC0CAB}.Debug|Any CPU.Build.0 = Debug|Any CPU
		{0D97F953-BD89-45EC-A8C1-298DA3CC0CAB}.Debug|x64.ActiveCfg = Debug|Any CPU
		{0D97F953-BD89-45EC-A8C1-298DA3CC0CAB}.Debug|x64.Build.0 = Debug|Any CPU
		{0D97F953-BD89-45EC-A8C1-298DA3CC0CAB}.Debug|x86.ActiveCfg = Debug|Any CPU
		{0D97F953-BD89-45EC-A8C1-298DA3CC0CAB}.Debug|x86.Build.0 = Debug|Any CPU
		{0D97F953-BD89-45EC-A8C1-298DA3CC0CAB}.Release|Any CPU.ActiveCfg = Release|Any CPU
		{0D97F953-BD89-45EC-A8C1-298DA3CC0CAB}.Release|Any CPU.Build.0 = Release|Any CPU
		{0D97F953-BD89-45EC-A8C1-298DA3CC0CAB}.Release|x64.ActiveCfg = Release|Any CPU
		{0D97F953-BD89-45EC-A8C1-298DA3CC0CAB}.Release|x64.Build.0 = Release|Any CPU
		{0D97F953-BD89-45EC-A8C1-298DA3CC0CAB}.Release|x86.ActiveCfg = Release|Any CPU
		{0D97F953-BD89-45EC-A8C1-298DA3CC0CAB}.Release|x86.Build.0 = Release|Any CPU
		{CC509EEF-ECD4-490E-B3B1-7DB4548854C6}.Debug|Any CPU.ActiveCfg = Debug|Any CPU
		{CC509EEF-ECD4-490E-B3B1-7DB4548854C6}.Debug|Any CPU.Build.0 = Debug|Any CPU
		{CC509EEF-ECD4-490E-B3B1-7DB4548854C6}.Debug|x64.ActiveCfg = Debug|Any CPU
		{CC509EEF-ECD4-490E-B3B1-7DB4548854C6}.Debug|x64.Build.0 = Debug|Any CPU
		{CC509EEF-ECD4-490E-B3B1-7DB4548854C6}.Debug|x86.ActiveCfg = Debug|Any CPU
		{CC509EEF-ECD4-490E-B3B1-7DB4548854C6}.Debug|x86.Build.0 = Debug|Any CPU
		{CC509EEF-ECD4-490E-B3B1-7DB4548854C6}.Release|Any CPU.ActiveCfg = Release|Any CPU
		{CC509EEF-ECD4-490E-B3B1-7DB4548854C6}.Release|Any CPU.Build.0 = Release|Any CPU
		{CC509EEF-ECD4-490E-B3B1-7DB4548854C6}.Release|x64.ActiveCfg = Release|Any CPU
		{CC509EEF-ECD4-490E-B3B1-7DB4548854C6}.Release|x64.Build.0 = Release|Any CPU
		{CC509EEF-ECD4-490E-B3B1-7DB4548854C6}.Release|x86.ActiveCfg = Release|Any CPU
		{CC509EEF-ECD4-490E-B3B1-7DB4548854C6}.Release|x86.Build.0 = Release|Any CPU
	EndGlobalSection
	GlobalSection(SolutionProperties) = preSolution
		HideSolutionNode = FALSE
	EndGlobalSection
	GlobalSection(NestedProjects) = preSolution
		{DF8581DA-EFCB-44A6-ACE8-66639965A452} = {827E0CD3-B72D-47B6-A68D-7590B98EB39B}
		{B0E09C63-3DA5-477D-9F93-1D0DFFEE4675} = {827E0CD3-B72D-47B6-A68D-7590B98EB39B}
		{CC7FA4A4-CCFD-4CF3-9555-A155F57A7523} = {827E0CD3-B72D-47B6-A68D-7590B98EB39B}
		{95B020AB-6A74-4373-9358-2B32100C9EB3} = {827E0CD3-B72D-47B6-A68D-7590B98EB39B}
		{D957DEBD-CB9F-42ED-95FF-A53F5C63399A} = {0AB3BF05-4346-4AA6-1389-037BE0695223}
		{0D97F953-BD89-45EC-A8C1-298DA3CC0CAB} = {0AB3BF05-4346-4AA6-1389-037BE0695223}
		{CC509EEF-ECD4-490E-B3B1-7DB4548854C6} = {827E0CD3-B72D-47B6-A68D-7590B98EB39B}
	EndGlobalSection
EndGlobal
